
Microsoft Visual Studio Solution File, Format Version 12.00
# Visual Studio 15
VisualStudioVersion = 15.0.27130.2010
MinimumVisualStudioVersion = 10.0.40219.1
Project("{FAE04EC0-301F-11D3-BF4B-00C04F79EFBC}") = "main", "main\main.csproj", "{F4562310-4862-4EC7-8859-210AB33AAFF5}"
EndProject
Global
	GlobalSection(SolutionConfigurationPlatforms) = preSolution
		Debug|Any CPU = Debug|Any CPU
		Release|Any CPU = Release|Any CPU
	EndGlobalSection
	GlobalSection(ProjectConfigurationPlatforms) = postSolution
		{F4562310-4862-4EC7-8859-210AB33AAFF5}.Debug|Any CPU.ActiveCfg = Debug|Any CPU
		{F4562310-4862-4EC7-8859-210AB33AAFF5}.Debug|Any CPU.Build.0 = Debug|Any CPU
		{F4562310-4862-4EC7-8859-210AB33AAFF5}.Release|Any CPU.ActiveCfg = Release|Any CPU
		{F4562310-4862-4EC7-8859-210AB33AAFF5}.Release|Any CPU.Build.0 = Release|Any CPU
	EndGlobalSection
	GlobalSection(SolutionProperties) = preSolution
		HideSolutionNode = FALSE
	EndGlobalSection
	GlobalSection(ExtensibilityGlobals) = postSolution
		SolutionGuid = {61C459D9-B6DA-43AD-91C1-DAFEDB0DAEFA}
	EndGlobalSection
EndGlobal
