
Microsoft Visual Studio Solution File, Format Version 12.00
# Visual Studio 15
VisualStudioVersion = 15.0.27130.2010
MinimumVisualStudioVersion = 10.0.40219.1
Project("{FAE04EC0-301F-11D3-BF4B-00C04F79EFBC}") = "Employee", "Employee\Employee.csproj", "{42B31751-A993-4328-AF26-BBE567E0552E}"
EndProject
Global
	GlobalSection(SolutionConfigurationPlatforms) = preSolution
		Debug|Any CPU = Debug|Any CPU
		Release|Any CPU = Release|Any CPU
	EndGlobalSection
	GlobalSection(ProjectConfigurationPlatforms) = postSolution
		{42B31751-A993-4328-AF26-BBE567E0552E}.Debug|Any CPU.ActiveCfg = Debug|Any CPU
		{42B31751-A993-4328-AF26-BBE567E0552E}.Debug|Any CPU.Build.0 = Debug|Any CPU
		{42B31751-A993-4328-AF26-BBE567E0552E}.Release|Any CPU.ActiveCfg = Release|Any CPU
		{42B31751-A993-4328-AF26-BBE567E0552E}.Release|Any CPU.Build.0 = Release|Any CPU
	EndGlobalSection
	GlobalSection(SolutionProperties) = preSolution
		HideSolutionNode = FALSE
	EndGlobalSection
	GlobalSection(ExtensibilityGlobals) = postSolution
		SolutionGuid = {82495BC2-C693-4F6F-A8B3-A0A6FCF03711}
	EndGlobalSection
EndGlobal
